
Microsoft Visual Studio Solution File, Format Version 12.00
# Visual Studio Version 16
VisualStudioVersion = 16.0.30104.148
MinimumVisualStudioVersion = 10.0.40219.1
Project("{FAE04EC0-301F-11D3-BF4B-00C04F79EFBC}") = "ClassWork_11.02.2020", "ClassWork_11.02.2020\ClassWork_11.02.2020.csproj", "{FADB8DE8-6B48-4CA0-8F8D-0BBEC0D755EE}"
EndProject
Global
	GlobalSection(SolutionConfigurationPlatforms) = preSolution
		Debug|Any CPU = Debug|Any CPU
		Release|Any CPU = Release|Any CPU
	EndGlobalSection
	GlobalSection(ProjectConfigurationPlatforms) = postSolution
		{FADB8DE8-6B48-4CA0-8F8D-0BBEC0D755EE}.Debug|Any CPU.ActiveCfg = Debug|Any CPU
		{FADB8DE8-6B48-4CA0-8F8D-0BBEC0D755EE}.Debug|Any CPU.Build.0 = Debug|Any CPU
		{FADB8DE8-6B48-4CA0-8F8D-0BBEC0D755EE}.Release|Any CPU.ActiveCfg = Release|Any CPU
		{FADB8DE8-6B48-4CA0-8F8D-0BBEC0D755EE}.Release|Any CPU.Build.0 = Release|Any CPU
	EndGlobalSection
	GlobalSection(SolutionProperties) = preSolution
		HideSolutionNode = FALSE
	EndGlobalSection
	GlobalSection(ExtensibilityGlobals) = postSolution
		SolutionGuid = {FB1A5375-A999-4C06-9636-48D98DC40113}
	EndGlobalSection
EndGlobal
